<?xml version="1.0" encoding="utf-8"?>
<Project ToolsVersion="4.0" xmlns="http://schemas.microsoft.com/developer/msbuild/2003">
  <ItemGroup>
    <Filter Include="Source Files">
      <UniqueIdentifier>{4FC737F1-C7A5-4376-A066-2A32D752A2FF}</UniqueIdentifier>
      <Extensions>cpp;c;cc;cxx;def;odl;idl;hpj;bat;asm;asmx</Extensions>
    </Filter>
    <Filter Include="Test">
      <UniqueIdentifier>{6e6ac825-99c4-4f39-b463-12c3cc7f6767}</UniqueIdentifier>
    </Filter>
    <Filter Include="Core">
      <UniqueIdentifier>{60d11adf-dcf6-4d21-a7ea-53f1ce1f3cf8}</UniqueIdentifier>
    </Filter>
    <Filter Include="Cities">
      <UniqueIdentifier>{58b13ed6-e409-4be4-b7f8-2f3fa8ee39fc}</UniqueIdentifier>
    </Filter>
  </ItemGroup>
  <ItemGroup>
    <ClInclude Include="Cities\City.h">
      <Filter>Cities</Filter>
    </ClInclude>
    <ClInclude Include="Core\Utils.h">
      <Filter>Core</Filter>
    </ClInclude>
    <ClInclude Include="Core\Solver.h">
      <Filter>Core</Filter>
    </ClInclude>
    <ClInclude Include="Core\PathOptimizer.h">
      <Filter>Core</Filter>
    </ClInclude>
    <ClInclude Include="Core\PathFinder.h">
      <Filter>Core</Filter>
    </ClInclude>
    <ClInclude Include="Core\Path.h">
      <Filter>Core</Filter>
    </ClInclude>
    <ClInclude Include="Cities\Common.h">
      <Filter>Cities</Filter>
    </ClInclude>
    <ClInclude Include="Core\Coordinates.h">
      <Filter>Core</Filter>
    </ClInclude>
    <ClInclude Include="Core\Constants.h">
      <Filter>Core</Filter>
    </ClInclude>
  </ItemGroup>
  <ItemGroup>
    <ClCompile Include="Main.cpp">
      <Filter>Source Files</Filter>
    </ClCompile>
    <ClCompile Include="Test\UtilsTest.cpp">
      <Filter>Test</Filter>
    </ClCompile>
    <ClCompile Include="Test\CoordinatesTest.cpp">
      <Filter>Test</Filter>
    </ClCompile>
    <ClCompile Include="Test\CityTest.cpp">
      <Filter>Test</Filter>
    </ClCompile>
    <ClCompile Include="Test\PathTest.cpp">
      <Filter>Test</Filter>
    </ClCompile>
    <ClCompile Include="Test\PathFinderTest.cpp">
      <Filter>Test</Filter>
    </ClCompile>
    <ClCompile Include="Test\PathOptimizerTest.cpp">
      <Filter>Test</Filter>
    </ClCompile>
    <ClCompile Include="Test\SolverTest.cpp">
      <Filter>Test</Filter>
    </ClCompile>
    <ClCompile Include="Core\Coordinates.cpp">
      <Filter>Core</Filter>
    </ClCompile>
    <ClCompile Include="Cities\City.cpp">
      <Filter>Cities</Filter>
    </ClCompile>
    <ClCompile Include="Core\Utils.cpp">
      <Filter>Core</Filter>
    </ClCompile>
  </ItemGroup>
  <ItemGroup>
    <Text Include="..\TODO.txt" />
  </ItemGroup>
</Project>